# This file is automatically @generated by Poetry 1.4.0 and should not be changed by hand.

[[package]]
name = "cvxopt"
version = "1.3.2"
description = "Convex optimization package"
category = "main"
optional = false
python-versions = ">=3, !=3.0.*, !=3.1.*, !=3.2.*, !=3.3.*, !=3.4.*"
files = [
    {file = "cvxopt-1.3.2-cp310-cp310-macosx_10_9_x86_64.whl", hash = "sha256:cd4a1bba537a34808b92f1e793e3499029d339a7a2ab6d989f82e395b7b740ff"},
    {file = "cvxopt-1.3.2-cp310-cp310-macosx_11_0_arm64.whl", hash = "sha256:e3cd2db913b1cf64d84cdb7bc467a8a15adbd1f0f83a7a45a7167ad590f79408"},
    {file = "cvxopt-1.3.2-cp310-cp310-manylinux_2_17_x86_64.manylinux2014_x86_64.whl", hash = "sha256:6874e1b9aa002f9d796da9d02bdca76b15aa3d4b2f83ca5064ac4c7894b92ece"},
    {file = "cvxopt-1.3.2-cp310-cp310-win_amd64.whl", hash = "sha256:22d12b88190e047c0cedde165711222aa0dcdc325a229b876c36f746dd4a6f12"},
    {file = "cvxopt-1.3.2-cp311-cp311-macosx_10_9_x86_64.whl", hash = "sha256:a459b6ee9f99fc34861cbcf679a196af2d930ec70d95018a94f2e6dbe46c8c24"},
    {file = "cvxopt-1.3.2-cp311-cp311-macosx_11_0_arm64.whl", hash = "sha256:8ae730ebc130461f743922f11d00c2d59a79492e57a1f5d245d4a6c731b7e334"},
    {file = "cvxopt-1.3.2-cp311-cp311-manylinux_2_17_x86_64.manylinux2014_x86_64.whl", hash = "sha256:994dab68c193bea405a3a89a88b8703dd2c79bb790a330c8d459f0454cca71ef"},
    {file = "cvxopt-1.3.2-cp311-cp311-win_amd64.whl", hash = "sha256:0c45f663e40b3ed2e2320e7ae8d50fcf09b5ac72c5af4c66aa523e0045453311"},
    {file = "cvxopt-1.3.2-cp36-cp36m-macosx_10_9_x86_64.whl", hash = "sha256:dcc0c091977b9211ad5086d0dfcc8748a4be3a37b0456c93d11a5d8fe15219e8"},
    {file = "cvxopt-1.3.2-cp37-cp37m-macosx_10_9_x86_64.whl", hash = "sha256:6e14c47766b39e97142b163ba218b955cd5c47d19d9bd01b01e0909102b43384"},
    {file = "cvxopt-1.3.2-cp37-cp37m-manylinux_2_17_x86_64.manylinux2014_x86_64.whl", hash = "sha256:a075e333916da7fc941b36a4f189b88acd291f1d861d97ba876626c277b3e575"},
    {file = "cvxopt-1.3.2-cp38-cp38-macosx_10_9_x86_64.whl", hash = "sha256:c237b57845b1e4ac00c012581cde099cd71a91434c117fec763bb4bf5b22601b"},
    {file = "cvxopt-1.3.2-cp38-cp38-manylinux_2_17_x86_64.manylinux2014_x86_64.whl", hash = "sha256:45e702d4649d2d4e73fcd8f244aa5734a04d2b1a3fa3e7c0bff1ab578bf5061e"},
    {file = "cvxopt-1.3.2-cp38-cp38-win_amd64.whl", hash = "sha256:f88dd546d91eb9e0974eee477b76077d001eeeb7b819d8801eb6065376d7d527"},
    {file = "cvxopt-1.3.2-cp39-cp39-macosx_10_9_x86_64.whl", hash = "sha256:e2ec16afa3e953159e148b7470159e415108aadb8bb1815baaea2e37ad7e1d8c"},
    {file = "cvxopt-1.3.2-cp39-cp39-macosx_11_0_arm64.whl", hash = "sha256:8157ef551c80b4745b786d0d8ae5cc222824482fb8596ce271bf49b707d38577"},
    {file = "cvxopt-1.3.2-cp39-cp39-manylinux_2_17_x86_64.manylinux2014_x86_64.whl", hash = "sha256:098abd1d648d9e44f7ad55542b3b7f978b82280f4332ad80a937db6fbe274600"},
    {file = "cvxopt-1.3.2-cp39-cp39-win_amd64.whl", hash = "sha256:f4ae2bc20a7d44657cc3ab1e2b80fa07ff3ebe0c1e0fa1f0b27b2ba693eb5072"},
    {file = "cvxopt-1.3.2.tar.gz", hash = "sha256:3461fa42c1b2240ba4da1d985ca73503914157fc4c77417327ed6d7d85acdbe6"},
]

[[package]]
name = "maz"
version = "0.0.8"
description = "Functional programming tools."
category = "main"
optional = false
python-versions = "*"
files = [
    {file = "maz-0.0.8-py3-none-any.whl", hash = "sha256:70732d8d13581775981ed20d79f2338b6eded9ef84c2577465d55f797596b1b9"},
    {file = "maz-0.0.8.tar.gz", hash = "sha256:b665bcd69e14a772aca2158b7589bede784288abe33e513a1dc76d7cd9e35993"},
]

[[package]]
name = "more-itertools"
version = "10.1.0"
description = "More routines for operating on iterables, beyond itertools"
category = "main"
optional = false
python-versions = ">=3.8"
files = [
    {file = "more-itertools-10.1.0.tar.gz", hash = "sha256:626c369fa0eb37bac0291bce8259b332fd59ac792fa5497b59837309cd5b114a"},
    {file = "more_itertools-10.1.0-py3-none-any.whl", hash = "sha256:64e0735fcfdc6f3464ea133afe8ea4483b1c5fe3a3d69852e6503b43a0b222e6"},
]

[[package]]
name = "mpmath"
version = "1.3.0"
description = "Python library for arbitrary-precision floating-point arithmetic"
category = "main"
optional = false
python-versions = "*"
files = [
    {file = "mpmath-1.3.0-py3-none-any.whl", hash = "sha256:a0b2b9fe80bbcd81a6647ff13108738cfb482d481d826cc0e02f5b35e5c88d2c"},
    {file = "mpmath-1.3.0.tar.gz", hash = "sha256:7a28eb2a9774d00c7bc92411c19a89209d5da7c4c9a9e227be8330a23a25b91f"},
]

[package.extras]
develop = ["codecov", "pycodestyle", "pytest (>=4.6)", "pytest-cov", "wheel"]
docs = ["sphinx"]
gmpy = ["gmpy2 (>=2.1.0a4)"]
tests = ["pytest (>=4.6)"]

[[package]]
name = "npycvx"
version = "0.0.2"
description = "Converter from numpy to cvxopt."
category = "main"
optional = false
python-versions = "*"
files = [
    {file = "npycvx-0.0.2-py3-none-any.whl", hash = "sha256:690b5aa7f12f948796660de79ec9f9d041c365f5430354ef65673d9a91c7910e"},
    {file = "npycvx-0.0.2.tar.gz", hash = "sha256:18f6a074d7e184312e56c10feae1ca8846602a7fbae225d70e88de03ab03763c"},
]

[package.dependencies]
cvxopt = ">=1.2.5"
numpy = ">=1.19.5"

[[package]]
name = "numpy"
version = "1.25.2"
description = "Fundamental package for array computing in Python"
category = "main"
optional = false
python-versions = ">=3.9"
files = [
    {file = "numpy-1.25.2-cp310-cp310-macosx_10_9_x86_64.whl", hash = "sha256:db3ccc4e37a6873045580d413fe79b68e47a681af8db2e046f1dacfa11f86eb3"},
    {file = "numpy-1.25.2-cp310-cp310-macosx_11_0_arm64.whl", hash = "sha256:90319e4f002795ccfc9050110bbbaa16c944b1c37c0baeea43c5fb881693ae1f"},
    {file = "numpy-1.25.2-cp310-cp310-manylinux_2_17_aarch64.manylinux2014_aarch64.whl", hash = "sha256:dfe4a913e29b418d096e696ddd422d8a5d13ffba4ea91f9f60440a3b759b0187"},
    {file = "numpy-1.25.2-cp310-cp310-manylinux_2_17_x86_64.manylinux2014_x86_64.whl", hash = "sha256:f08f2e037bba04e707eebf4bc934f1972a315c883a9e0ebfa8a7756eabf9e357"},
    {file = "numpy-1.25.2-cp310-cp310-musllinux_1_1_x86_64.whl", hash = "sha256:bec1e7213c7cb00d67093247f8c4db156fd03075f49876957dca4711306d39c9"},
    {file = "numpy-1.25.2-cp310-cp310-win32.whl", hash = "sha256:7dc869c0c75988e1c693d0e2d5b26034644399dd929bc049db55395b1379e044"},
    {file = "numpy-1.25.2-cp310-cp310-win_amd64.whl", hash = "sha256:834b386f2b8210dca38c71a6e0f4fd6922f7d3fcff935dbe3a570945acb1b545"},
    {file = "numpy-1.25.2-cp311-cp311-macosx_10_9_x86_64.whl", hash = "sha256:c5462d19336db4560041517dbb7759c21d181a67cb01b36ca109b2ae37d32418"},
    {file = "numpy-1.25.2-cp311-cp311-macosx_11_0_arm64.whl", hash = "sha256:c5652ea24d33585ea39eb6a6a15dac87a1206a692719ff45d53c5282e66d4a8f"},
    {file = "numpy-1.25.2-cp311-cp311-manylinux_2_17_aarch64.manylinux2014_aarch64.whl", hash = "sha256:0d60fbae8e0019865fc4784745814cff1c421df5afee233db6d88ab4f14655a2"},
    {file = "numpy-1.25.2-cp311-cp311-manylinux_2_17_x86_64.manylinux2014_x86_64.whl", hash = "sha256:60e7f0f7f6d0eee8364b9a6304c2845b9c491ac706048c7e8cf47b83123b8dbf"},
    {file = "numpy-1.25.2-cp311-cp311-musllinux_1_1_x86_64.whl", hash = "sha256:bb33d5a1cf360304754913a350edda36d5b8c5331a8237268c48f91253c3a364"},
    {file = "numpy-1.25.2-cp311-cp311-win32.whl", hash = "sha256:5883c06bb92f2e6c8181df7b39971a5fb436288db58b5a1c3967702d4278691d"},
    {file = "numpy-1.25.2-cp311-cp311-win_amd64.whl", hash = "sha256:5c97325a0ba6f9d041feb9390924614b60b99209a71a69c876f71052521d42a4"},
    {file = "numpy-1.25.2-cp39-cp39-macosx_10_9_x86_64.whl", hash = "sha256:b79e513d7aac42ae918db3ad1341a015488530d0bb2a6abcbdd10a3a829ccfd3"},
    {file = "numpy-1.25.2-cp39-cp39-macosx_11_0_arm64.whl", hash = "sha256:eb942bfb6f84df5ce05dbf4b46673ffed0d3da59f13635ea9b926af3deb76926"},
    {file = "numpy-1.25.2-cp39-cp39-manylinux_2_17_aarch64.manylinux2014_aarch64.whl", hash = "sha256:3e0746410e73384e70d286f93abf2520035250aad8c5714240b0492a7302fdca"},
    {file = "numpy-1.25.2-cp39-cp39-manylinux_2_17_x86_64.manylinux2014_x86_64.whl", hash = "sha256:d7806500e4f5bdd04095e849265e55de20d8cc4b661b038957354327f6d9b295"},
    {file = "numpy-1.25.2-cp39-cp39-musllinux_1_1_x86_64.whl", hash = "sha256:8b77775f4b7df768967a7c8b3567e309f617dd5e99aeb886fa14dc1a0791141f"},
    {file = "numpy-1.25.2-cp39-cp39-win32.whl", hash = "sha256:2792d23d62ec51e50ce4d4b7d73de8f67a2fd3ea710dcbc8563a51a03fb07b01"},
    {file = "numpy-1.25.2-cp39-cp39-win_amd64.whl", hash = "sha256:76b4115d42a7dfc5d485d358728cdd8719be33cc5ec6ec08632a5d6fca2ed380"},
    {file = "numpy-1.25.2-pp39-pypy39_pp73-macosx_10_9_x86_64.whl", hash = "sha256:1a1329e26f46230bf77b02cc19e900db9b52f398d6722ca853349a782d4cff55"},
    {file = "numpy-1.25.2-pp39-pypy39_pp73-manylinux_2_17_x86_64.manylinux2014_x86_64.whl", hash = "sha256:4c3abc71e8b6edba80a01a52e66d83c5d14433cbcd26a40c329ec7ed09f37901"},
    {file = "numpy-1.25.2-pp39-pypy39_pp73-win_amd64.whl", hash = "sha256:1b9735c27cea5d995496f46a8b1cd7b408b3f34b6d50459d9ac8fe3a20cc17bf"},
    {file = "numpy-1.25.2.tar.gz", hash = "sha256:fd608e19c8d7c55021dffd43bfe5492fab8cc105cc8986f813f8c3c048b38760"},
]

[[package]]
name = "puan"
version = "0.5.0"
description = "Tools for combinatorial optimization"
category = "main"
optional = false
python-versions = ">=3.8"
files = [
    {file = "puan-0.5.0-cp38-cp38-macosx_10_15_x86_64.whl", hash = "sha256:90b2afb241ec9a27dedc45bbe8244e581f2d781737971dd71c1dab12b1d67a6d"},
    {file = "puan-0.5.0-cp39-cp39-macosx_10_15_x86_64.whl", hash = "sha256:c75aad54e84cd0ef1d8c28987421609bff1567d1657fcc66c0eb6d788e6e3e52"},
    {file = "puan-0.5.0.tar.gz", hash = "sha256:a8ba304bfa04c213a93ed8d248b31761a084d3d16703fb37bde1a9d583fb8f66"},
]

[package.dependencies]
maz = ">=0.0.6"
more-itertools = ">=8.12.0"
numpy = ">=1.23.5"
puan-rspy = ">=0.2.9"

[[package]]
name = "puan-rspy"
version = "0.4.1"
description = ""
category = "main"
optional = false
python-versions = ">=3.8"
files = [
    {file = "puan_rspy-0.4.1-cp310-cp310-macosx_10_7_x86_64.whl", hash = "sha256:c8804bbff2f896870d2e53e9bb1e27a432861f8add6859e064ba4cad896614b0"},
    {file = "puan_rspy-0.4.1-cp310-cp310-manylinux_2_17_x86_64.manylinux2014_x86_64.whl", hash = "sha256:6cb7ec05068436a4e542185dee59ccbb3271dd1265c24fa21f6486763ba171a9"},
    {file = "puan_rspy-0.4.1-cp310-cp310-manylinux_2_5_i686.manylinux1_i686.whl", hash = "sha256:927f813d94ee16688f9755b0f814f128bafc8d0b3ae224ac56da5423dc23c590"},
    {file = "puan_rspy-0.4.1-cp311-cp311-macosx_10_7_x86_64.whl", hash = "sha256:4642c82355f9f24a62b70e13d74964a7a86ae71c951b6b6ed44bf73a172ad073"},
    {file = "puan_rspy-0.4.1-cp311-cp311-manylinux_2_17_x86_64.manylinux2014_x86_64.whl", hash = "sha256:0b3adaa18d2671ad2816fa383cf725ee7151e2cac6d298c9fda9588b519c9377"},
    {file = "puan_rspy-0.4.1-cp311-cp311-manylinux_2_5_i686.manylinux1_i686.whl", hash = "sha256:8edad1d00e6d50072e19f76384f1dd119b52a3fe8b93a8e7fc5afd394c6f2510"},
    {file = "puan_rspy-0.4.1-cp38-cp38-macosx_10_7_x86_64.whl", hash = "sha256:1693793b54c80f3683cc3dc49c5d67251d1d900e2520ae196b0bb1e484629a31"},
    {file = "puan_rspy-0.4.1-cp38-cp38-manylinux_2_17_x86_64.manylinux2014_x86_64.whl", hash = "sha256:8f4e1146d00989a53fc2280d04fc0c46bd665cf1db93c326027212b0fec51efb"},
    {file = "puan_rspy-0.4.1-cp38-cp38-manylinux_2_5_i686.manylinux1_i686.whl", hash = "sha256:c222e9370eb49c246e013e3ebb9d46c8f5b2a6573a02b753d589cb8c8872c508"},
    {file = "puan_rspy-0.4.1-cp39-cp39-macosx_10_7_x86_64.whl", hash = "sha256:573803cd2bec716bf3c1d2b92233712979b038c9b9a78515add64ebb4914b490"},
    {file = "puan_rspy-0.4.1-cp39-cp39-manylinux_2_17_x86_64.manylinux2014_x86_64.whl", hash = "sha256:b21e56cab26283a3ad0bd9eea5955ee5ea18872e1cb51e7216009fc36e33dd82"},
    {file = "puan_rspy-0.4.1-cp39-cp39-manylinux_2_5_i686.manylinux1_i686.whl", hash = "sha256:ac86e5ea55b01b3e68967f87ad9637d5bf909f6a377043b8b3240dfa0acc75ae"},
    {file = "puan_rspy-0.4.1.tar.gz", hash = "sha256:eb751322d941a2947d66712c35573c86b16888aa84c1dc32051dcf0fc978d7a5"},
]

[[package]]
name = "sympy"
version = "1.12"
description = "Computer algebra system (CAS) in Python"
category = "main"
optional = false
python-versions = ">=3.8"
files = [
    {file = "sympy-1.12-py3-none-any.whl", hash = "sha256:c3588cd4295d0c0f603d0f2ae780587e64e2efeedb3521e46b9bb1d08d184fa5"},
    {file = "sympy-1.12.tar.gz", hash = "sha256:ebf595c8dac3e0fdc4152c51878b498396ec7f30e7a914d6071e674d49420fb8"},
]

[package.dependencies]
mpmath = ">=0.19"

[metadata]
lock-version = "2.0"
python-versions = "^3.9"
content-hash = "1e7ee65d518f04d0c37f98c269698a776005bf71eace65d8cedc7ec615d88cba"
